{
  "lockfile_version": "1",
  "packages": {
    "rustup@latest": {
      "last_modified": "2023-09-17T10:54:49Z",
      "plugin_version": "0.0.1",
      "resolved": "github:NixOS/nixpkgs/5148520bfab61f99fd25fb9ff7bfbb50dad3c9db#rustup",
      "source": "devbox-search",
      "version": "1.26.0"
    }
  }
}
